
Microsoft Visual Studio Solution File, Format Version 12.00
# Visual Studio Version 17
VisualStudioVersion = 17.11.35222.181
MinimumVisualStudioVersion = 10.0.40219.1
Project("{FAE04EC0-301F-11D3-BF4B-00C04F79EFBC}") = "CoffeScenario", "CoffeScenario\CoffeScenario.csproj", "{AB98B7B2-E189-43C5-AB5C-ACC95FCA21DA}"
EndProject
Global
	GlobalSection(SolutionConfigurationPlatforms) = preSolution
		Debug|Any CPU = Debug|Any CPU
		Release|Any CPU = Release|Any CPU
	EndGlobalSection
	GlobalSection(ProjectConfigurationPlatforms) = postSolution
		{AB98B7B2-E189-43C5-AB5C-ACC95FCA21DA}.Debug|Any CPU.ActiveCfg = Debug|Any CPU
		{AB98B7B2-E189-43C5-AB5C-ACC95FCA21DA}.Debug|Any CPU.Build.0 = Debug|Any CPU
		{AB98B7B2-E189-43C5-AB5C-ACC95FCA21DA}.Release|Any CPU.ActiveCfg = Release|Any CPU
		{AB98B7B2-E189-43C5-AB5C-ACC95FCA21DA}.Release|Any CPU.Build.0 = Release|Any CPU
	EndGlobalSection
	GlobalSection(SolutionProperties) = preSolution
		HideSolutionNode = FALSE
	EndGlobalSection
	GlobalSection(ExtensibilityGlobals) = postSolution
		SolutionGuid = {3245913D-75E5-48AA-93F5-CD127292536D}
	EndGlobalSection
EndGlobal
